
Microsoft Visual Studio Solution File, Format Version 12.00
# Visual Studio Version 16
VisualStudioVersion = 16.0.29201.188
MinimumVisualStudioVersion = 10.0.40219.1
Project("{FAE04EC0-301F-11D3-BF4B-00C04F79EFBC}") = "ContactUs", "ContactUs\ContactUs.csproj", "{03690857-BA86-44AA-A6E7-C5AE22CF4D7E}"
EndProject
Global
	GlobalSection(SolutionConfigurationPlatforms) = preSolution
		Debug|Any CPU = Debug|Any CPU
		Release|Any CPU = Release|Any CPU
	EndGlobalSection
	GlobalSection(ProjectConfigurationPlatforms) = postSolution
		{03690857-BA86-44AA-A6E7-C5AE22CF4D7E}.Debug|Any CPU.ActiveCfg = Debug|Any CPU
		{03690857-BA86-44AA-A6E7-C5AE22CF4D7E}.Debug|Any CPU.Build.0 = Debug|Any CPU
		{03690857-BA86-44AA-A6E7-C5AE22CF4D7E}.Release|Any CPU.ActiveCfg = Release|Any CPU
		{03690857-BA86-44AA-A6E7-C5AE22CF4D7E}.Release|Any CPU.Build.0 = Release|Any CPU
	EndGlobalSection
	GlobalSection(SolutionProperties) = preSolution
		HideSolutionNode = FALSE
	EndGlobalSection
	GlobalSection(ExtensibilityGlobals) = postSolution
		SolutionGuid = {FCA5785F-68D2-40E7-B009-D7929D151AE9}
	EndGlobalSection
EndGlobal
